Microsoft Visual Studio Solution File, Format Version 11.00
# Visual Studio 2008

Project("{EB56054A-CD17-895D-FBDC-37416E3CDDBE}") = "15_Toggles", "Assembly-CSharp.csproj", "{0CF936B3-3F69-1DA2-B98F-7574C829F29D}"
EndProject
Global
	GlobalSection(SolutionConfigurationPlatforms) = preSolution
		Debug|Any CPU = Debug|Any CPU
		Release|Any CPU = Release|Any CPU
	EndGlobalSection
	GlobalSection(ProjectConfigurationPlatforms) = postSolution
		{0CF936B3-3F69-1DA2-B98F-7574C829F29D}.Debug|Any CPU.ActiveCfg = Debug|Any CPU
		{0CF936B3-3F69-1DA2-B98F-7574C829F29D}.Debug|Any CPU.Build.0 = Debug|Any CPU
		{0CF936B3-3F69-1DA2-B98F-7574C829F29D}.Release|Any CPU.ActiveCfg = Release|Any CPU
		{0CF936B3-3F69-1DA2-B98F-7574C829F29D}.Release|Any CPU.Build.0 = Release|Any CPU
	EndGlobalSection
	GlobalSection(SolutionProperties) = preSolution
		HideSolutionNode = FALSE
	EndGlobalSection
	GlobalSection(MonoDevelopProperties) = preSolution
		StartupItem = Assembly-CSharp.csproj
	EndGlobalSection
EndGlobal
