Microsoft Visual Studio Solution File, Format Version 11.00
# Visual Studio 2008

Project("{08FC5BF8-9E7D-62D4-DCE2-061AACC60027}") = "02_DigitalClock", "Assembly-CSharp.csproj", "{73664E28-F0D0-2787-E832-77700701FEEB}"
EndProject
Global
	GlobalSection(SolutionConfigurationPlatforms) = preSolution
		Debug|Any CPU = Debug|Any CPU
		Release|Any CPU = Release|Any CPU
	EndGlobalSection
	GlobalSection(ProjectConfigurationPlatforms) = postSolution
		{73664E28-F0D0-2787-E832-77700701FEEB}.Debug|Any CPU.ActiveCfg = Debug|Any CPU
		{73664E28-F0D0-2787-E832-77700701FEEB}.Debug|Any CPU.Build.0 = Debug|Any CPU
		{73664E28-F0D0-2787-E832-77700701FEEB}.Release|Any CPU.ActiveCfg = Release|Any CPU
		{73664E28-F0D0-2787-E832-77700701FEEB}.Release|Any CPU.Build.0 = Release|Any CPU
	EndGlobalSection
	GlobalSection(SolutionProperties) = preSolution
		HideSolutionNode = FALSE
	EndGlobalSection
	GlobalSection(MonoDevelopProperties) = preSolution
		StartupItem = Assembly-CSharp.csproj
	EndGlobalSection
EndGlobal
