Microsoft Visual Studio Solution File, Format Version 11.00
# Visual Studio 2008

Project("{9DA2090A-D466-EEDD-028C-702BD5BC17F2}") = "09_Sliders", "Assembly-CSharp.csproj", "{8FF13303-3211-5EE8-90C5-A0CEFB45D6E0}"
EndProject
Global
	GlobalSection(SolutionConfigurationPlatforms) = preSolution
		Debug|Any CPU = Debug|Any CPU
		Release|Any CPU = Release|Any CPU
	EndGlobalSection
	GlobalSection(ProjectConfigurationPlatforms) = postSolution
		{8FF13303-3211-5EE8-90C5-A0CEFB45D6E0}.Debug|Any CPU.ActiveCfg = Debug|Any CPU
		{8FF13303-3211-5EE8-90C5-A0CEFB45D6E0}.Debug|Any CPU.Build.0 = Debug|Any CPU
		{8FF13303-3211-5EE8-90C5-A0CEFB45D6E0}.Release|Any CPU.ActiveCfg = Release|Any CPU
		{8FF13303-3211-5EE8-90C5-A0CEFB45D6E0}.Release|Any CPU.Build.0 = Release|Any CPU
	EndGlobalSection
	GlobalSection(SolutionProperties) = preSolution
		HideSolutionNode = FALSE
	EndGlobalSection
	GlobalSection(MonoDevelopProperties) = preSolution
		StartupItem = Assembly-CSharp.csproj
	EndGlobalSection
EndGlobal
