Microsoft Visual Studio Solution File, Format Version 11.00
# Visual Studio 2008

Project("{812C3C60-942B-9FA2-755F-929957CB9030}") = "10_CountdownSlider", "Assembly-CSharp.csproj", "{D2A67689-F6DE-B6EC-E918-707027B7760C}"
EndProject
Global
	GlobalSection(SolutionConfigurationPlatforms) = preSolution
		Debug|Any CPU = Debug|Any CPU
		Release|Any CPU = Release|Any CPU
	EndGlobalSection
	GlobalSection(ProjectConfigurationPlatforms) = postSolution
		{D2A67689-F6DE-B6EC-E918-707027B7760C}.Debug|Any CPU.ActiveCfg = Debug|Any CPU
		{D2A67689-F6DE-B6EC-E918-707027B7760C}.Debug|Any CPU.Build.0 = Debug|Any CPU
		{D2A67689-F6DE-B6EC-E918-707027B7760C}.Release|Any CPU.ActiveCfg = Release|Any CPU
		{D2A67689-F6DE-B6EC-E918-707027B7760C}.Release|Any CPU.Build.0 = Release|Any CPU
	EndGlobalSection
	GlobalSection(SolutionProperties) = preSolution
		HideSolutionNode = FALSE
	EndGlobalSection
	GlobalSection(MonoDevelopProperties) = preSolution
		StartupItem = Assembly-CSharp.csproj
	EndGlobalSection
EndGlobal
