Microsoft Visual Studio Solution File, Format Version 11.00
# Visual Studio 2008

Project("{BC6FF4F2-CF7C-72E9-6729-56750FBEA267}") = "05_SpriteSheetAnimations", "Assembly-CSharp.csproj", "{5C71B62A-07D3-63F4-0EE0-FAA95ED123D5}"
EndProject
Global
	GlobalSection(SolutionConfigurationPlatforms) = preSolution
		Debug|Any CPU = Debug|Any CPU
		Release|Any CPU = Release|Any CPU
	EndGlobalSection
	GlobalSection(ProjectConfigurationPlatforms) = postSolution
		{5C71B62A-07D3-63F4-0EE0-FAA95ED123D5}.Debug|Any CPU.ActiveCfg = Debug|Any CPU
		{5C71B62A-07D3-63F4-0EE0-FAA95ED123D5}.Debug|Any CPU.Build.0 = Debug|Any CPU
		{5C71B62A-07D3-63F4-0EE0-FAA95ED123D5}.Release|Any CPU.ActiveCfg = Release|Any CPU
		{5C71B62A-07D3-63F4-0EE0-FAA95ED123D5}.Release|Any CPU.Build.0 = Release|Any CPU
	EndGlobalSection
	GlobalSection(SolutionProperties) = preSolution
		HideSolutionNode = FALSE
	EndGlobalSection
	GlobalSection(MonoDevelopProperties) = preSolution
		StartupItem = Assembly-CSharp.csproj
	EndGlobalSection
EndGlobal
