Microsoft Visual Studio Solution File, Format Version 11.00
# Visual Studio 2008

Project("{6CFC713E-9F2F-C96C-5D2D-DBE22C4B0BD0}") = "05_DisplayPickupsIconMultiples", "Assembly-CSharp.csproj", "{6ED0638F-DFD6-A9C5-8DD2-C0E775C2241D}"
EndProject
Global
	GlobalSection(SolutionConfigurationPlatforms) = preSolution
		Debug|Any CPU = Debug|Any CPU
		Release|Any CPU = Release|Any CPU
	EndGlobalSection
	GlobalSection(ProjectConfigurationPlatforms) = postSolution
		{6ED0638F-DFD6-A9C5-8DD2-C0E775C2241D}.Debug|Any CPU.ActiveCfg = Debug|Any CPU
		{6ED0638F-DFD6-A9C5-8DD2-C0E775C2241D}.Debug|Any CPU.Build.0 = Debug|Any CPU
		{6ED0638F-DFD6-A9C5-8DD2-C0E775C2241D}.Release|Any CPU.ActiveCfg = Release|Any CPU
		{6ED0638F-DFD6-A9C5-8DD2-C0E775C2241D}.Release|Any CPU.Build.0 = Release|Any CPU
	EndGlobalSection
	GlobalSection(SolutionProperties) = preSolution
		HideSolutionNode = FALSE
	EndGlobalSection
	GlobalSection(MonoDevelopProperties) = preSolution
		StartupItem = Assembly-CSharp.csproj
	EndGlobalSection
EndGlobal
